
Microsoft Visual Studio Solution File, Format Version 12.00
# Visual Studio 14
VisualStudioVersion = 14.0.25420.1
MinimumVisualStudioVersion = 10.0.40219.1
Project("{E24C65DC-7377-472B-9ABA-BC803B73C61A}") = "WebSite", "WebSite\", "{AFE93310-60CF-4650-972C-B08E60C1336E}"
	ProjectSection(WebsiteProperties) = preProject
		TargetFrameworkMoniker = ".NETFramework,Version%3Dv4.5.2"
		ProjectReferences = "{ec870ebb-2376-4564-9621-ffe51f5ec230}|ChinookSystem.dll;{BF0E249B-EA3B-44A9-8A33-F5F468497768}|ChinookSystem.Data.dll;"
		Debug.AspNetCompiler.VirtualPath = "/localhost_11266"
		Debug.AspNetCompiler.PhysicalPath = "WebSite\"
		Debug.AspNetCompiler.TargetPath = "PrecompiledWeb\localhost_11266\"
		Debug.AspNetCompiler.Updateable = "true"
		Debug.AspNetCompiler.ForceOverwrite = "true"
		Debug.AspNetCompiler.FixedNames = "false"
		Debug.AspNetCompiler.Debug = "True"
		Release.AspNetCompiler.VirtualPath = "/localhost_11266"
		Release.AspNetCompiler.PhysicalPath = "WebSite\"
		Release.AspNetCompiler.TargetPath = "PrecompiledWeb\localhost_11266\"
		Release.AspNetCompiler.Updateable = "true"
		Release.AspNetCompiler.ForceOverwrite = "true"
		Release.AspNetCompiler.FixedNames = "false"
		Release.AspNetCompiler.Debug = "False"
		VWDPort = "11266"
		SlnRelativePath = "WebSite\"
		DefaultWebSiteLanguage = "Visual C#"
	EndProjectSection
EndProject
Project("{FAE04EC0-301F-11D3-BF4B-00C04F79EFBC}") = "ChinookSystem", "ChinookSystem\ChinookSystem.csproj", "{EC870EBB-2376-4564-9621-FFE51F5EC230}"
EndProject
Project("{FAE04EC0-301F-11D3-BF4B-00C04F79EFBC}") = "ChinookSystem.Data", "ChinookSystem.Data\ChinookSystem.Data.csproj", "{BF0E249B-EA3B-44A9-8A33-F5F468497768}"
EndProject
Global
	GlobalSection(SolutionConfigurationPlatforms) = preSolution
		Debug|Any CPU = Debug|Any CPU
		Release|Any CPU = Release|Any CPU
	EndGlobalSection
	GlobalSection(ProjectConfigurationPlatforms) = postSolution
		{AFE93310-60CF-4650-972C-B08E60C1336E}.Debug|Any CPU.ActiveCfg = Debug|Any CPU
		{AFE93310-60CF-4650-972C-B08E60C1336E}.Debug|Any CPU.Build.0 = Debug|Any CPU
		{AFE93310-60CF-4650-972C-B08E60C1336E}.Release|Any CPU.ActiveCfg = Debug|Any CPU
		{AFE93310-60CF-4650-972C-B08E60C1336E}.Release|Any CPU.Build.0 = Debug|Any CPU
		{EC870EBB-2376-4564-9621-FFE51F5EC230}.Debug|Any CPU.ActiveCfg = Debug|Any CPU
		{EC870EBB-2376-4564-9621-FFE51F5EC230}.Debug|Any CPU.Build.0 = Debug|Any CPU
		{EC870EBB-2376-4564-9621-FFE51F5EC230}.Release|Any CPU.ActiveCfg = Release|Any CPU
		{EC870EBB-2376-4564-9621-FFE51F5EC230}.Release|Any CPU.Build.0 = Release|Any CPU
		{BF0E249B-EA3B-44A9-8A33-F5F468497768}.Debug|Any CPU.ActiveCfg = Debug|Any CPU
		{BF0E249B-EA3B-44A9-8A33-F5F468497768}.Debug|Any CPU.Build.0 = Debug|Any CPU
		{BF0E249B-EA3B-44A9-8A33-F5F468497768}.Release|Any CPU.ActiveCfg = Release|Any CPU
		{BF0E249B-EA3B-44A9-8A33-F5F468497768}.Release|Any CPU.Build.0 = Release|Any CPU
	EndGlobalSection
	GlobalSection(SolutionProperties) = preSolution
		HideSolutionNode = FALSE
	EndGlobalSection
EndGlobal
